{
  "version": 1,
  "dependencies": {
    "net9.0-windows7.0": {
      "Microsoft.Web.WebView2": {
        "type": "Direct",
        "requested": "[1.0.4022.49, )",
        "resolved": "1.0.4022.49",
        "contentHash": "Dwewh8bbbXoFiF2y0jT3MBEV5ZXZVA7FDbMl6DixUCCLQAoymLMxMwqibdBaY/eWCG/BBSAILUOFDIzJZ9lfNQ=="
      }
    },
    "net9.0-windows7.0/win-x64": {
      "Microsoft.Web.WebView2": {
        "type": "Direct",
        "requested": "[1.0.4022.49, )",
        "resolved": "1.0.4022.49",
        "contentHash": "Dwewh8bbbXoFiF2y0jT3MBEV5ZXZVA7FDbMl6DixUCCLQAoymLMxMwqibdBaY/eWCG/BBSAILUOFDIzJZ9lfNQ=="
      }
    }
  }
}